
Microsoft Visual Studio Solution File, Format Version 12.00
# Visual Studio Version 17
VisualStudioVersion = 17.1.32319.34
MinimumVisualStudioVersion = 10.0.40219.1
Project("{FAE04EC0-301F-11D3-BF4B-00C04F79EFBC}") = "RandomItemList", "RandomItemList\RandomItemList.csproj", "{2793D299-6259-4EE6-80F7-385087B674AA}"
EndProject
Global
	GlobalSection(SolutionConfigurationPlatforms) = preSolution
		Debug|Any CPU = Debug|Any CPU
		Release|Any CPU = Release|Any CPU
	EndGlobalSection
	GlobalSection(ProjectConfigurationPlatforms) = postSolution
		{2793D299-6259-4EE6-80F7-385087B674AA}.Debug|Any CPU.ActiveCfg = Debug|Any CPU
		{2793D299-6259-4EE6-80F7-385087B674AA}.Debug|Any CPU.Build.0 = Debug|Any CPU
		{2793D299-6259-4EE6-80F7-385087B674AA}.Release|Any CPU.ActiveCfg = Release|Any CPU
		{2793D299-6259-4EE6-80F7-385087B674AA}.Release|Any CPU.Build.0 = Release|Any CPU
	EndGlobalSection
	GlobalSection(SolutionProperties) = preSolution
		HideSolutionNode = FALSE
	EndGlobalSection
	GlobalSection(ExtensibilityGlobals) = postSolution
		SolutionGuid = {452217E2-41D7-4F20-B174-D15C257F9DAA}
	EndGlobalSection
EndGlobal
